// !$*UTF8*$!
{
	archiveVersion = 1;
	classes = {
	};
	objectVersion = 56;
	objects = {

/* Begin PBXBuildFile section */
		2202674E2F3047AE00819DB5 /* lab_04_dbApp.swift in Sources */ = {isa = PBXBuildFile; fileRef = 2202674D2F3047AE00819DB5 /* lab_04_dbApp.swift */; };
		220267502F3047AE00819DB5 /* ContentView.swift in Sources */ = {isa = PBXBuildFile; fileRef = 2202674F2F3047AE00819DB5 /* ContentView.swift */; };
		220267522F3047B000819DB5 /* Assets.xcassets in Resources */ = {isa = PBXBuildFile; fileRef = 220267512F3047B000819DB5 /* Assets.xcassets */; };
		220267552F3047B000819DB5 /* Preview Assets.xcassets in Resources */ = {isa = PBXBuildFile; fileRef = 220267542F3047B000819DB5 /* Preview Assets.xcassets */; };
		2202675F2F3047B000819DB5 /* lab_04_dbTests.swift in Sources */ = {isa = PBXBuildFile; fileRef = 2202675E2F3047B000819DB5 /* lab_04_dbTests.swift */; };
		220267692F3047B000819DB5 /* lab_04_dbUITests.swift in Sources */ = {isa = PBXBuildFile; fileRef = 220267682F3047B000819DB5 /* lab_04_dbUITests.swift */; };
		2202676B2F3047B000819DB5 /* lab_04_dbUITestsLaunchTests.swift in Sources */ = {isa = PBXBuildFile; fileRef = 2202676A2F3047B000819DB5 /* lab_04_dbUITestsLaunchTests.swift */; };
		2202677A2F3049A100819DB5 /* GoogleService-Info.plist in Resources */ = {isa = PBXBuildFile; fileRef = 220267792F3049A100819DB5 /* GoogleService-Info.plist */; };
		2202677D2F304ABA00819DB5 /* FirebaseAnalytics in Frameworks */ = {isa = PBXBuildFile; productRef = 2202677C2F304ABA00819DB5 /* FirebaseAnalytics */; };
		2202677F2F304ABA00819DB5 /* FirebaseAuth in Frameworks */ = {isa = PBXBuildFile; productRef = 2202677E2F304ABA00819DB5 /* FirebaseAuth */; };
		220267812F304ABA00819DB5 /* FirebaseDatabase in Frameworks */ = {isa = PBXBuildFile; productRef = 220267802F304ABA00819DB5 /* FirebaseDatabase */; };
		220267832F304ABA00819DB5 /* FirebaseFirestore in Frameworks */ = {isa = PBXBuildFile; productRef = 220267822F304ABA00819DB5 /* FirebaseFirestore */; };
		220267852F304C5000819DB5 /* AuthViewModel.swift in Sources */ = {isa = PBXBuildFile; fileRef = 220267842F304C5000819DB5 /* AuthViewModel.swift */; };
		220267872F304CFC00819DB5 /* LoginView.swift in Sources */ = {isa = PBXBuildFile; fileRef = 220267862F304CFC00819DB5 /* LoginView.swift */; };
		2202678A2F3059AC00819DB5 /* FContentView.swift in Sources */ = {isa = PBXBuildFile; fileRef = 220267892F3059AC00819DB5 /* FContentView.swift */; };
		223558C52F42F76A00C7C043 /* Note.swift in Sources */ = {isa = PBXBuildFile; fileRef = 223558C42F42F76A00C7C043 /* Note.swift */; };
		223558C72F42F84000C7C043 /* FirestoreManager.swift in Sources */ = {isa = PBXBuildFile; fileRef = 223558C62F42F84000C7C043 /* FirestoreManager.swift */; };
		223558C92F42F8D500C7C043 /* AddNoteView.swift in Sources */ = {isa = PBXBuildFile; fileRef = 223558C82F42F8D500C7C043 /* AddNoteView.swift */; };
		223558CC2F42FAF500C7C043 /* FirebaseFirestoreSwift in Frameworks */ = {isa = PBXBuildFile; productRef = 223558CB2F42FAF500C7C043 /* FirebaseFirestoreSwift */; };
/* End PBXBuildFile section */

/* Begin PBXContainerItemProxy section */
		2202675B2F3047B000819DB5 /* PBXContainerItemProxy */ = {
			isa = PBXContainerItemProxy;
			containerPortal = 220267422F3047AE00819DB5 /* Project object */;
			proxyType = 1;
			remoteGlobalIDString = 220267492F3047AE00819DB5;
			remoteInfo = "lab-04-db";
		};
		220267652F3047B000819DB5 /* PBXContainerItemProxy */ = {
			isa = PBXContainerItemProxy;
			containerPortal = 220267422F3047AE00819DB5 /* Project object */;
			proxyType = 1;
			remoteGlobalIDString = 220267492F3047AE00819DB5;
			remoteInfo = "lab-04-db";
		};
/* End PBXContainerItemProxy section */

/* Begin PBXFileReference section */
		2202674A2F3047AE00819DB5 /* lab-04-db.app */ = {isa = PBXFileReference; explicitFileType = wrapper.application; includeInIndex = 0; path = "lab-04-db.app"; sourceTree = BUILT_PRODUCTS_DIR; };
		2202674D2F3047AE00819DB5 /* lab_04_dbApp.swift */ = {isa = PBXFileReference; lastKnownFileType = sourcecode.swift; path = lab_04_dbApp.swift; sourceTree = "<group>"; };
		2202674F2F3047AE00819DB5 /* ContentView.swift */ = {isa = PBXFileReference; lastKnownFileType = sourcecode.swift; path = ContentView.swift; sourceTree = "<group>"; };
		220267512F3047B000819DB5 /* Assets.xcassets */ = {isa = PBXFileReference; lastKnownFileType = folder.assetcatalog; path = Assets.xcassets; sourceTree = "<group>"; };
		220267542F3047B000819DB5 /* Preview Assets.xcassets */ = {isa = PBXFileReference; lastKnownFileType = folder.assetcatalog; path = "Preview Assets.xcassets"; sourceTree = "<group>"; };
		2202675A2F3047B000819DB5 /* lab-04-dbTests.xctest */ = {isa = PBXFileReference; explicitFileType = wrapper.cfbundle; includeInIndex = 0; path = "lab-04-dbTests.xctest"; sourceTree = BUILT_PRODUCTS_DIR; };
		2202675E2F3047B000819DB5 /* lab_04_dbTests.swift */ = {isa = PBXFileReference; lastKnownFileType = sourcecode.swift; path = lab_04_dbTests.swift; sourceTree = "<group>"; };
		220267642F3047B000819DB5 /* lab-04-dbUITests.xctest */ = {isa = PBXFileReference; explicitFileType = wrapper.cfbundle; includeInIndex = 0; path = "lab-04-dbUITests.xctest"; sourceTree = BUILT_PRODUCTS_DIR; };
		220267682F3047B000819DB5 /* lab_04_dbUITests.swift */ = {isa = PBXFileReference; lastKnownFileType = sourcecode.swift; path = lab_04_dbUITests.swift; sourceTree = "<group>"; };
		2202676A2F3047B000819DB5 /* lab_04_dbUITestsLaunchTests.swift */ = {isa = PBXFileReference; lastKnownFileType = sourcecode.swift; path = lab_04_dbUITestsLaunchTests.swift; sourceTree = "<group>"; };
		220267792F3049A100819DB5 /* GoogleService-Info.plist */ = {isa = PBXFileReference; fileEncoding = 4; lastKnownFileType = text.plist.xml; path = "GoogleService-Info.plist"; sourceTree = "<group>"; };
		220267842F304C5000819DB5 /* AuthViewModel.swift */ = {isa = PBXFileReference; lastKnownFileType = sourcecode.swift; path = AuthViewModel.swift; sourceTree = "<group>"; };
		220267862F304CFC00819DB5 /* LoginView.swift */ = {isa = PBXFileReference; lastKnownFileType = sourcecode.swift; path = LoginView.swift; sourceTree = "<group>"; };
		220267882F30548B00819DB5 /* lab-04-db.entitlements */ = {isa = PBXFileReference; lastKnownFileType = text.plist.entitlements; path = "lab-04-db.entitlements"; sourceTree = "<group>"; };
		220267892F3059AC00819DB5 /* FContentView.swift */ = {isa = PBXFileReference; lastKnownFileType = sourcecode.swift; path = FContentView.swift; sourceTree = "<group>"; };
		223558C42F42F76A00C7C043 /* Note.swift */ = {isa = PBXFileReference; lastKnownFileType = sourcecode.swift; path = Note.swift; sourceTree = "<group>"; };
		223558C62F42F84000C7C043 /* FirestoreManager.swift */ = {isa = PBXFileReference; lastKnownFileType = sourcecode.swift; path = FirestoreManager.swift; sourceTree = "<group>"; };
		223558C82F42F8D500C7C043 /* AddNoteView.swift */ = {isa = PBXFileReference; lastKnownFileType = sourcecode.swift; path = AddNoteView.swift; sourceTree = "<group>"; };
/* End PBXFileReference section */

/* Begin PBXFrameworksBuildPhase section */
		220267472F3047AE00819DB5 /* Frameworks */ = {
			isa = PBXFrameworksBuildPhase;
			buildActionMask = 2147483647;
			files = (
				223558CC2F42FAF500C7C043 /* FirebaseFirestoreSwift in Frameworks */,
				220267812F304ABA00819DB5 /* FirebaseDatabase in Frameworks */,
				220267832F304ABA00819DB5 /* FirebaseFirestore in Frameworks */,
				2202677D2F304ABA00819DB5 /* FirebaseAnalytics in Frameworks */,
				2202677F2F304ABA00819DB5 /* FirebaseAuth in Frameworks */,
			);
			runOnlyForDeploymentPostprocessing = 0;
		};
		220267572F3047B000819DB5 /* Frameworks */ = {
			isa = PBXFrameworksBuildPhase;
			buildActionMask = 2147483647;
			files = (
			);
			runOnlyForDeploymentPostprocessing = 0;
		};
		220267612F3047B000819DB5 /* Frameworks */ = {
			isa = PBXFrameworksBuildPhase;
			buildActionMask = 2147483647;
			files = (
			);
			runOnlyForDeploymentPostprocessing = 0;
		};
/* End PBXFrameworksBuildPhase section */

/* Begin PBXGroup section */
		220267412F3047AE00819DB5 = {
			isa = PBXGroup;
			children = (
				2202674C2F3047AE00819DB5 /* lab-04-db */,
				2202675D2F3047B000819DB5 /* lab-04-dbTests */,
				220267672F3047B000819DB5 /* lab-04-dbUITests */,
				2202674B2F3047AE00819DB5 /* Products */,
				223558CA2F42FAEB00C7C043 /* Frameworks */,
			);
			sourceTree = "<group>";
		};
		2202674B2F3047AE00819DB5 /* Products */ = {
			isa = PBXGroup;
			children = (
				2202674A2F3047AE00819DB5 /* lab-04-db.app */,
				2202675A2F3047B000819DB5 /* lab-04-dbTests.xctest */,
				220267642F3047B000819DB5 /* lab-04-dbUITests.xctest */,
			);
			name = Products;
			sourceTree = "<group>";
		};
		2202674C2F3047AE00819DB5 /* lab-04-db */ = {
			isa = PBXGroup;
			children = (
				220267882F30548B00819DB5 /* lab-04-db.entitlements */,
				220267792F3049A100819DB5 /* GoogleService-Info.plist */,
				2202674D2F3047AE00819DB5 /* lab_04_dbApp.swift */,
				2202674F2F3047AE00819DB5 /* ContentView.swift */,
				220267512F3047B000819DB5 /* Assets.xcassets */,
				220267532F3047B000819DB5 /* Preview Content */,
				220267842F304C5000819DB5 /* AuthViewModel.swift */,
				220267862F304CFC00819DB5 /* LoginView.swift */,
				220267892F3059AC00819DB5 /* FContentView.swift */,
				223558C42F42F76A00C7C043 /* Note.swift */,
				223558C62F42F84000C7C043 /* FirestoreManager.swift */,
				223558C82F42F8D500C7C043 /* AddNoteView.swift */,
			);
			path = "lab-04-db";
			sourceTree = "<group>";
		};
		220267532F3047B000819DB5 /* Preview Content */ = {
			isa = PBXGroup;
			children = (
				220267542F3047B000819DB5 /* Preview Assets.xcassets */,
			);
			path = "Preview Content";
			sourceTree = "<group>";
		};
		2202675D2F3047B000819DB5 /* lab-04-dbTests */ = {
			isa = PBXGroup;
			children = (
				2202675E2F3047B000819DB5 /* lab_04_dbTests.swift */,
			);
			path = "lab-04-dbTests";
			sourceTree = "<group>";
		};
		220267672F3047B000819DB5 /* lab-04-dbUITests */ = {
			isa = PBXGroup;
			children = (
				220267682F3047B000819DB5 /* lab_04_dbUITests.swift */,
				2202676A2F3047B000819DB5 /* lab_04_dbUITestsLaunchTests.swift */,
			);
			path = "lab-04-dbUITests";
			sourceTree = "<group>";
		};
		223558CA2F42FAEB00C7C043 /* Frameworks */ = {
			isa = PBXGroup;
			children = (
			);
			name = Frameworks;
			sourceTree = "<group>";
		};
/* End PBXGroup section */

/* Begin PBXNativeTarget section */
		220267492F3047AE00819DB5 /* lab-04-db */ = {
			isa = PBXNativeTarget;
			buildConfigurationList = 2202676E2F3047B000819DB5 /* Build configuration list for PBXNativeTarget "lab-04-db" */;
			buildPhases = (
				220267462F3047AE00819DB5 /* Sources */,
				220267472F3047AE00819DB5 /* Frameworks */,
				220267482F3047AE00819DB5 /* Resources */,
			);
			buildRules = (
			);
			dependencies = (
			);
			name = "lab-04-db";
			packageProductDependencies = (
				2202677C2F304ABA00819DB5 /* FirebaseAnalytics */,
				2202677E2F304ABA00819DB5 /* FirebaseAuth */,
				220267802F304ABA00819DB5 /* FirebaseDatabase */,
				220267822F304ABA00819DB5 /* FirebaseFirestore */,
				223558CB2F42FAF500C7C043 /* FirebaseFirestoreSwift */,
			);
			productName = "lab-04-db";
			productReference = 2202674A2F3047AE00819DB5 /* lab-04-db.app */;
			productType = "com.apple.product-type.application";
		};
		220267592F3047B000819DB5 /* lab-04-dbTests */ = {
			isa = PBXNativeTarget;
			buildConfigurationList = 220267712F3047B000819DB5 /* Build configuration list for PBXNativeTarget "lab-04-dbTests" */;
			buildPhases = (
				220267562F3047B000819DB5 /* Sources */,
				220267572F3047B000819DB5 /* Frameworks */,
				220267582F3047B000819DB5 /* Resources */,
			);
			buildRules = (
			);
			dependencies = (
				2202675C2F3047B000819DB5 /* PBXTargetDependency */,
			);
			name = "lab-04-dbTests";
			productName = "lab-04-dbTests";
			productReference = 2202675A2F3047B000819DB5 /* lab-04-dbTests.xctest */;
			productType = "com.apple.product-type.bundle.unit-test";
		};
		220267632F3047B000819DB5 /* lab-04-dbUITests */ = {
			isa = PBXNativeTarget;
			buildConfigurationList = 220267742F3047B000819DB5 /* Build configuration list for PBXNativeTarget "lab-04-dbUITests" */;
			buildPhases = (
				220267602F3047B000819DB5 /* Sources */,
				220267612F3047B000819DB5 /* Frameworks */,
				220267622F3047B000819DB5 /* Resources */,
			);
			buildRules = (
			);
			dependencies = (
				220267662F3047B000819DB5 /* PBXTargetDependency */,
			);
			name = "lab-04-dbUITests";
			productName = "lab-04-dbUITests";
			productReference = 220267642F3047B000819DB5 /* lab-04-dbUITests.xctest */;
			productType = "com.apple.product-type.bundle.ui-testing";
		};
/* End PBXNativeTarget section */

/* Begin PBXProject section */
		220267422F3047AE00819DB5 /* Project object */ = {
			isa = PBXProject;
			attributes = {
				BuildIndependentTargetsInParallel = 1;
				LastSwiftUpdateCheck = 1410;
				LastUpgradeCheck = 1410;
				TargetAttributes = {
					220267492F3047AE00819DB5 = {
						CreatedOnToolsVersion = 14.1;
					};
					220267592F3047B000819DB5 = {
						CreatedOnToolsVersion = 14.1;
						TestTargetID = 220267492F3047AE00819DB5;
					};
					220267632F3047B000819DB5 = {
						CreatedOnToolsVersion = 14.1;
						TestTargetID = 220267492F3047AE00819DB5;
					};
				};
			};
			buildConfigurationList = 220267452F3047AE00819DB5 /* Build configuration list for PBXProject "lab-04-db" */;
			compatibilityVersion = "Xcode 14.0";
			developmentRegion = en;
			hasScannedForEncodings = 0;
			knownRegions = (
				en,
				Base,
			);
			mainGroup = 220267412F3047AE00819DB5;
			packageReferences = (
				2202677B2F304ABA00819DB5 /* XCRemoteSwiftPackageReference "firebase-ios-sdk" */,
			);
			productRefGroup = 2202674B2F3047AE00819DB5 /* Products */;
			projectDirPath = "";
			projectRoot = "";
			targets = (
				220267492F3047AE00819DB5 /* lab-04-db */,
				220267592F3047B000819DB5 /* lab-04-dbTests */,
				220267632F3047B000819DB5 /* lab-04-dbUITests */,
			);
		};
/* End PBXProject section */

/* Begin PBXResourcesBuildPhase section */
		220267482F3047AE00819DB5 /* Resources */ = {
			isa = PBXResourcesBuildPhase;
			buildActionMask = 2147483647;
			files = (
				220267552F3047B000819DB5 /* Preview Assets.xcassets in Resources */,
				220267522F3047B000819DB5 /* Assets.xcassets in Resources */,
				2202677A2F3049A100819DB5 /* GoogleService-Info.plist in Resources */,
			);
			runOnlyForDeploymentPostprocessing = 0;
		};
		220267582F3047B000819DB5 /* Resources */ = {
			isa = PBXResourcesBuildPhase;
			buildActionMask = 2147483647;
			files = (
			);
			runOnlyForDeploymentPostprocessing = 0;
		};
		220267622F3047B000819DB5 /* Resources */ = {
			isa = PBXResourcesBuildPhase;
			buildActionMask = 2147483647;
			files = (
			);
			runOnlyForDeploymentPostprocessing = 0;
		};
/* End PBXResourcesBuildPhase section */

/* Begin PBXSourcesBuildPhase section */
		220267462F3047AE00819DB5 /* Sources */ = {
			isa = PBXSourcesBuildPhase;
			buildActionMask = 2147483647;
			files = (
				220267502F3047AE00819DB5 /* ContentView.swift in Sources */,
				223558C72F42F84000C7C043 /* FirestoreManager.swift in Sources */,
				2202678A2F3059AC00819DB5 /* FContentView.swift in Sources */,
				2202674E2F3047AE00819DB5 /* lab_04_dbApp.swift in Sources */,
				220267872F304CFC00819DB5 /* LoginView.swift in Sources */,
				220267852F304C5000819DB5 /* AuthViewModel.swift in Sources */,
				223558C92F42F8D500C7C043 /* AddNoteView.swift in Sources */,
				223558C52F42F76A00C7C043 /* Note.swift in Sources */,
			);
			runOnlyForDeploymentPostprocessing = 0;
		};
		220267562F3047B000819DB5 /* Sources */ = {
			isa = PBXSourcesBuildPhase;
			buildActionMask = 2147483647;
			files = (
				2202675F2F3047B000819DB5 /* lab_04_dbTests.swift in Sources */,
			);
			runOnlyForDeploymentPostprocessing = 0;
		};
		220267602F3047B000819DB5 /* Sources */ = {
			isa = PBXSourcesBuildPhase;
			buildActionMask = 2147483647;
			files = (
				2202676B2F3047B000819DB5 /* lab_04_dbUITestsLaunchTests.swift in Sources */,
				220267692F3047B000819DB5 /* lab_04_dbUITests.swift in Sources */,
			);
			runOnlyForDeploymentPostprocessing = 0;
		};
/* End PBXSourcesBuildPhase section */

/* Begin PBXTargetDependency section */
		2202675C2F3047B000819DB5 /* PBXTargetDependency */ = {
			isa = PBXTargetDependency;
			target = 220267492F3047AE00819DB5 /* lab-04-db */;
			targetProxy = 2202675B2F3047B000819DB5 /* PBXContainerItemProxy */;
		};
		220267662F3047B000819DB5 /* PBXTargetDependency */ = {
			isa = PBXTargetDependency;
			target = 220267492F3047AE00819DB5 /* lab-04-db */;
			targetProxy = 220267652F3047B000819DB5 /* PBXContainerItemProxy */;
		};
/* End PBXTargetDependency section */

/* Begin XCBuildConfiguration section */
		2202676C2F3047B000819DB5 /* Debug */ = {
			isa = XCBuildConfiguration;
			buildSettings = {
				ALWAYS_SEARCH_USER_PATHS = NO;
				CLANG_ANALYZER_NONNULL = YES;
				CLANG_ANALYZER_NUMBER_OBJECT_CONVERSION = YES_AGGRESSIVE;
				CLANG_CXX_LANGUAGE_STANDARD = "gnu++20";
				CLANG_ENABLE_MODULES = YES;
				CLANG_ENABLE_OBJC_ARC = YES;
				CLANG_ENABLE_OBJC_WEAK = YES;
				CLANG_WARN_BLOCK_CAPTURE_AUTORELEASING = YES;
				CLANG_WARN_BOOL_CONVERSION = YES;
				CLANG_WARN_COMMA = YES;
				CLANG_WARN_CONSTANT_CONVERSION = YES;
				CLANG_WARN_DEPRECATED_OBJC_IMPLEMENTATIONS = YES;
				CLANG_WARN_DIRECT_OBJC_ISA_USAGE = YES_ERROR;
				CLANG_WARN_DOCUMENTATION_COMMENTS = YES;
				CLANG_WARN_EMPTY_BODY = YES;
				CLANG_WARN_ENUM_CONVERSION = YES;
				CLANG_WARN_INFINITE_RECURSION = YES;
				CLANG_WARN_INT_CONVERSION = YES;
				CLANG_WARN_NON_LITERAL_NULL_CONVERSION = YES;
				CLANG_WARN_OBJC_IMPLICIT_RETAIN_SELF = YES;
				CLANG_WARN_OBJC_LITERAL_CONVERSION = YES;
				CLANG_WARN_OBJC_ROOT_CLASS = YES_ERROR;
				CLANG_WARN_QUOTED_INCLUDE_IN_FRAMEWORK_HEADER = YES;
				CLANG_WARN_RANGE_LOOP_ANALYSIS = YES;
				CLANG_WARN_STRICT_PROTOTYPES = YES;
				CLANG_WARN_SUSPICIOUS_MOVE = YES;
				CLANG_WARN_UNGUARDED_AVAILABILITY = YES_AGGRESSIVE;
				CLANG_WARN_UNREACHABLE_CODE = YES;
				CLANG_WARN__DUPLICATE_METHOD_MATCH = YES;
				COPY_PHASE_STRIP = NO;
				DEBUG_INFORMATION_FORMAT = dwarf;
				ENABLE_STRICT_OBJC_MSGSEND = YES;
				ENABLE_TESTABILITY = YES;
				GCC_C_LANGUAGE_STANDARD = gnu11;
				GCC_DYNAMIC_NO_PIC = NO;
				GCC_NO_COMMON_BLOCKS = YES;
				GCC_OPTIMIZATION_LEVEL = 0;
				GCC_PREPROCESSOR_DEFINITIONS = (
					"DEBUG=1",
					"$(inherited)",
				);
				GCC_WARN_64_TO_32_BIT_CONVERSION = YES;
				GCC_WARN_ABOUT_RETURN_TYPE = YES_ERROR;
				GCC_WARN_UNDECLARED_SELECTOR = YES;
				GCC_WARN_UNINITIALIZED_AUTOS = YES_AGGRESSIVE;
				GCC_WARN_UNUSED_FUNCTION = YES;
				GCC_WARN_UNUSED_VARIABLE = YES;
				IPHONEOS_DEPLOYMENT_TARGET = 16.1;
				MTL_ENABLE_DEBUG_INFO = INCLUDE_SOURCE;
				MTL_FAST_MATH = YES;
				ONLY_ACTIVE_ARCH = YES;
				SDKROOT = iphoneos;
				SWIFT_ACTIVE_COMPILATION_CONDITIONS = DEBUG;
				SWIFT_OPTIMIZATION_LEVEL = "-Onone";
			};
			name = Debug;
		};
		2202676D2F3047B000819DB5 /* Release */ = {
			isa = XCBuildConfiguration;
			buildSettings = {
				ALWAYS_SEARCH_USER_PATHS = NO;
				CLANG_ANALYZER_NONNULL = YES;
				CLANG_ANALYZER_NUMBER_OBJECT_CONVERSION = YES_AGGRESSIVE;
				CLANG_CXX_LANGUAGE_STANDARD = "gnu++20";
				CLANG_ENABLE_MODULES = YES;
				CLANG_ENABLE_OBJC_ARC = YES;
				CLANG_ENABLE_OBJC_WEAK = YES;
				CLANG_WARN_BLOCK_CAPTURE_AUTORELEASING = YES;
				CLANG_WARN_BOOL_CONVERSION = YES;
				CLANG_WARN_COMMA = YES;
				CLANG_WARN_CONSTANT_CONVERSION = YES;
				CLANG_WARN_DEPRECATED_OBJC_IMPLEMENTATIONS = YES;
				CLANG_WARN_DIRECT_OBJC_ISA_USAGE = YES_ERROR;
				CLANG_WARN_DOCUMENTATION_COMMENTS = YES;
				CLANG_WARN_EMPTY_BODY = YES;
				CLANG_WARN_ENUM_CONVERSION = YES;
				CLANG_WARN_INFINITE_RECURSION = YES;
				CLANG_WARN_INT_CONVERSION = YES;
				CLANG_WARN_NON_LITERAL_NULL_CONVERSION = YES;
				CLANG_WARN_OBJC_IMPLICIT_RETAIN_SELF = YES;
				CLANG_WARN_OBJC_LITERAL_CONVERSION = YES;
				CLANG_WARN_OBJC_ROOT_CLASS = YES_ERROR;
				CLANG_WARN_QUOTED_INCLUDE_IN_FRAMEWORK_HEADER = YES;
				CLANG_WARN_RANGE_LOOP_ANALYSIS = YES;
				CLANG_WARN_STRICT_PROTOTYPES = YES;
				CLANG_WARN_SUSPICIOUS_MOVE = YES;
				CLANG_WARN_UNGUARDED_AVAILABILITY = YES_AGGRESSIVE;
				CLANG_WARN_UNREACHABLE_CODE = YES;
				CLANG_WARN__DUPLICATE_METHOD_MATCH = YES;
				COPY_PHASE_STRIP = NO;
				DEBUG_INFORMATION_FORMAT = "dwarf-with-dsym";
				ENABLE_NS_ASSERTIONS = NO;
				ENABLE_STRICT_OBJC_MSGSEND = YES;
				GCC_C_LANGUAGE_STANDARD = gnu11;
				GCC_NO_COMMON_BLOCKS = YES;
				GCC_WARN_64_TO_32_BIT_CONVERSION = YES;
				GCC_WARN_ABOUT_RETURN_TYPE = YES_ERROR;
				GCC_WARN_UNDECLARED_SELECTOR = YES;
				GCC_WARN_UNINITIALIZED_AUTOS = YES_AGGRESSIVE;
				GCC_WARN_UNUSED_FUNCTION = YES;
				GCC_WARN_UNUSED_VARIABLE = YES;
				IPHONEOS_DEPLOYMENT_TARGET = 16.1;
				MTL_ENABLE_DEBUG_INFO = NO;
				MTL_FAST_MATH = YES;
				SDKROOT = iphoneos;
				SWIFT_COMPILATION_MODE = wholemodule;
				SWIFT_OPTIMIZATION_LEVEL = "-O";
				VALIDATE_PRODUCT = YES;
			};
			name = Release;
		};
		2202676F2F3047B000819DB5 /* Debug */ = {
			isa = XCBuildConfiguration;
			buildSettings = {
				ASSETCATALOG_COMPILER_APPICON_NAME = AppIcon;
				ASSETCATALOG_COMPILER_GLOBAL_ACCENT_COLOR_NAME = AccentColor;
				CODE_SIGN_ENTITLEMENTS = "lab-04-db/lab-04-db.entitlements";
				CODE_SIGN_STYLE = Automatic;
				CURRENT_PROJECT_VERSION = 1;
				DEVELOPMENT_ASSET_PATHS = "\"lab-04-db/Preview Content\"";
				ENABLE_PREVIEWS = YES;
				GENERATE_INFOPLIST_FILE = YES;
				INFOPLIST_KEY_UIApplicationSceneManifest_Generation = YES;
				INFOPLIST_KEY_UIApplicationSupportsIndirectInputEvents = YES;
				INFOPLIST_KEY_UILaunchScreen_Generation = YES;
				INFOPLIST_KEY_UISupportedInterfaceOrientations_iPad = "UIInterfaceOrientationPortrait UIInterfaceOrientationPortraitUpsideDown UIInterfaceOrientationLandscapeLeft UIInterfaceOrientationLandscapeRight";
				INFOPLIST_KEY_UISupportedInterfaceOrientations_iPhone = "UIInterfaceOrientationPortrait UIInterfaceOrientationLandscapeLeft UIInterfaceOrientationLandscapeRight";
				LD_RUNPATH_SEARCH_PATHS = (
					"$(inherited)",
					"@executable_path/Frameworks",
				);
				MARKETING_VERSION = 1.0;
				PRODUCT_BUNDLE_IDENTIFIER = com.kuet.lab04db;
				PRODUCT_NAME = "$(TARGET_NAME)";
				SUPPORTED_PLATFORMS = "iphoneos iphonesimulator";
				SUPPORTS_MACCATALYST = NO;
				SUPPORTS_MAC_DESIGNED_FOR_IPHONE_IPAD = NO;
				SWIFT_EMIT_LOC_STRINGS = YES;
				SWIFT_VERSION = 5.0;
				TARGETED_DEVICE_FAMILY = "1,2";
			};
			name = Debug;
		};
		220267702F3047B000819DB5 /* Release */ = {
			isa = XCBuildConfiguration;
			buildSettings = {
				ASSETCATALOG_COMPILER_APPICON_NAME = AppIcon;
				ASSETCATALOG_COMPILER_GLOBAL_ACCENT_COLOR_NAME = AccentColor;
				CODE_SIGN_ENTITLEMENTS = "lab-04-db/lab-04-db.entitlements";
				CODE_SIGN_STYLE = Automatic;
				CURRENT_PROJECT_VERSION = 1;
				DEVELOPMENT_ASSET_PATHS = "\"lab-04-db/Preview Content\"";
				ENABLE_PREVIEWS = YES;
				GENERATE_INFOPLIST_FILE = YES;
				INFOPLIST_KEY_UIApplicationSceneManifest_Generation = YES;
				INFOPLIST_KEY_UIApplicationSupportsIndirectInputEvents = YES;
				INFOPLIST_KEY_UILaunchScreen_Generation = YES;
				INFOPLIST_KEY_UISupportedInterfaceOrientations_iPad = "UIInterfaceOrientationPortrait UIInterfaceOrientationPortraitUpsideDown UIInterfaceOrientationLandscapeLeft UIInterfaceOrientationLandscapeRight";
				INFOPLIST_KEY_UISupportedInterfaceOrientations_iPhone = "UIInterfaceOrientationPortrait UIInterfaceOrientationLandscapeLeft UIInterfaceOrientationLandscapeRight";
				LD_RUNPATH_SEARCH_PATHS = (
					"$(inherited)",
					"@executable_path/Frameworks",
				);
				MARKETING_VERSION = 1.0;
				PRODUCT_BUNDLE_IDENTIFIER = com.kuet.lab04db;
				PRODUCT_NAME = "$(TARGET_NAME)";
				SUPPORTED_PLATFORMS = "iphoneos iphonesimulator";
				SUPPORTS_MACCATALYST = NO;
				SUPPORTS_MAC_DESIGNED_FOR_IPHONE_IPAD = NO;
				SWIFT_EMIT_LOC_STRINGS = YES;
				SWIFT_VERSION = 5.0;
				TARGETED_DEVICE_FAMILY = "1,2";
			};
			name = Release;
		};
		220267722F3047B000819DB5 /* Debug */ = {
			isa = XCBuildConfiguration;
			buildSettings = {
				ALWAYS_EMBED_SWIFT_STANDARD_LIBRARIES = YES;
				BUNDLE_LOADER = "$(TEST_HOST)";
				CODE_SIGN_STYLE = Automatic;
				CURRENT_PROJECT_VERSION = 1;
				GENERATE_INFOPLIST_FILE = YES;
				IPHONEOS_DEPLOYMENT_TARGET = 16.1;
				MARKETING_VERSION = 1.0;
				PRODUCT_BUNDLE_IDENTIFIER = "KUET.lab-04-dbTests";
				PRODUCT_NAME = "$(TARGET_NAME)";
				SWIFT_EMIT_LOC_STRINGS = NO;
				SWIFT_VERSION = 5.0;
				TARGETED_DEVICE_FAMILY = "1,2";
				TEST_HOST = "$(BUILT_PRODUCTS_DIR)/lab-04-db.app/$(BUNDLE_EXECUTABLE_FOLDER_PATH)/lab-04-db";
			};
			name = Debug;
		};
		220267732F3047B000819DB5 /* Release */ = {
			isa = XCBuildConfiguration;
			buildSettings = {
				ALWAYS_EMBED_SWIFT_STANDARD_LIBRARIES = YES;
				BUNDLE_LOADER = "$(TEST_HOST)";
				CODE_SIGN_STYLE = Automatic;
				CURRENT_PROJECT_VERSION = 1;
				GENERATE_INFOPLIST_FILE = YES;
				IPHONEOS_DEPLOYMENT_TARGET = 16.1;
				MARKETING_VERSION = 1.0;
				PRODUCT_BUNDLE_IDENTIFIER = "KUET.lab-04-dbTests";
				PRODUCT_NAME = "$(TARGET_NAME)";
				SWIFT_EMIT_LOC_STRINGS = NO;
				SWIFT_VERSION = 5.0;
				TARGETED_DEVICE_FAMILY = "1,2";
				TEST_HOST = "$(BUILT_PRODUCTS_DIR)/lab-04-db.app/$(BUNDLE_EXECUTABLE_FOLDER_PATH)/lab-04-db";
			};
			name = Release;
		};
		220267752F3047B000819DB5 /* Debug */ = {
			isa = XCBuildConfiguration;
			buildSettings = {
				ALWAYS_EMBED_SWIFT_STANDARD_LIBRARIES = YES;
				CODE_SIGN_STYLE = Automatic;
				CURRENT_PROJECT_VERSION = 1;
				GENERATE_INFOPLIST_FILE = YES;
				MARKETING_VERSION = 1.0;
				PRODUCT_BUNDLE_IDENTIFIER = "KUET.lab-04-dbUITests";
				PRODUCT_NAME = "$(TARGET_NAME)";
				SWIFT_EMIT_LOC_STRINGS = NO;
				SWIFT_VERSION = 5.0;
				TARGETED_DEVICE_FAMILY = "1,2";
				TEST_TARGET_NAME = "lab-04-db";
			};
			name = Debug;
		};
		220267762F3047B000819DB5 /* Release */ = {
			isa = XCBuildConfiguration;
			buildSettings = {
				ALWAYS_EMBED_SWIFT_STANDARD_LIBRARIES = YES;
				CODE_SIGN_STYLE = Automatic;
				CURRENT_PROJECT_VERSION = 1;
				GENERATE_INFOPLIST_FILE = YES;
				MARKETING_VERSION = 1.0;
				PRODUCT_BUNDLE_IDENTIFIER = "KUET.lab-04-dbUITests";
				PRODUCT_NAME = "$(TARGET_NAME)";
				SWIFT_EMIT_LOC_STRINGS = NO;
				SWIFT_VERSION = 5.0;
				TARGETED_DEVICE_FAMILY = "1,2";
				TEST_TARGET_NAME = "lab-04-db";
			};
			name = Release;
		};
/* End XCBuildConfiguration section */

/* Begin XCConfigurationList section */
		220267452F3047AE00819DB5 /* Build configuration list for PBXProject "lab-04-db" */ = {
			isa = XCConfigurationList;
			buildConfigurations = (
				2202676C2F3047B000819DB5 /* Debug */,
				2202676D2F3047B000819DB5 /* Release */,
			);
			defaultConfigurationIsVisible = 0;
			defaultConfigurationName = Release;
		};
		2202676E2F3047B000819DB5 /* Build configuration list for PBXNativeTarget "lab-04-db" */ = {
			isa = XCConfigurationList;
			buildConfigurations = (
				2202676F2F3047B000819DB5 /* Debug */,
				220267702F3047B000819DB5 /* Release */,
			);
			defaultConfigurationIsVisible = 0;
			defaultConfigurationName = Release;
		};
		220267712F3047B000819DB5 /* Build configuration list for PBXNativeTarget "lab-04-dbTests" */ = {
			isa = XCConfigurationList;
			buildConfigurations = (
				220267722F3047B000819DB5 /* Debug */,
				220267732F3047B000819DB5 /* Release */,
			);
			defaultConfigurationIsVisible = 0;
			defaultConfigurationName = Release;
		};
		220267742F3047B000819DB5 /* Build configuration list for PBXNativeTarget "lab-04-dbUITests" */ = {
			isa = XCConfigurationList;
			buildConfigurations = (
				220267752F3047B000819DB5 /* Debug */,
				220267762F3047B000819DB5 /* Release */,
			);
			defaultConfigurationIsVisible = 0;
			defaultConfigurationName = Release;
		};
/* End XCConfigurationList section */

/* Begin XCRemoteSwiftPackageReference section */
		2202677B2F304ABA00819DB5 /* XCRemoteSwiftPackageReference "firebase-ios-sdk" */ = {
			isa = XCRemoteSwiftPackageReference;
			repositoryURL = "https://github.com/firebase/firebase-ios-sdk";
			requirement = {
				kind = upToNextMajorVersion;
				minimumVersion = 9.0.0;
			};
		};
/* End XCRemoteSwiftPackageReference section */

/* Begin XCSwiftPackageProductDependency section */
		2202677C2F304ABA00819DB5 /* FirebaseAnalytics */ = {
			isa = XCSwiftPackageProductDependency;
			package = 2202677B2F304ABA00819DB5 /* XCRemoteSwiftPackageReference "firebase-ios-sdk" */;
			productName = FirebaseAnalytics;
		};
		2202677E2F304ABA00819DB5 /* FirebaseAuth */ = {
			isa = XCSwiftPackageProductDependency;
			package = 2202677B2F304ABA00819DB5 /* XCRemoteSwiftPackageReference "firebase-ios-sdk" */;
			productName = FirebaseAuth;
		};
		220267802F304ABA00819DB5 /* FirebaseDatabase */ = {
			isa = XCSwiftPackageProductDependency;
			package = 2202677B2F304ABA00819DB5 /* XCRemoteSwiftPackageReference "firebase-ios-sdk" */;
			productName = FirebaseDatabase;
		};
		220267822F304ABA00819DB5 /* FirebaseFirestore */ = {
			isa = XCSwiftPackageProductDependency;
			package = 2202677B2F304ABA00819DB5 /* XCRemoteSwiftPackageReference "firebase-ios-sdk" */;
			productName = FirebaseFirestore;
		};
		223558CB2F42FAF500C7C043 /* FirebaseFirestoreSwift */ = {
			isa = XCSwiftPackageProductDependency;
			package = 2202677B2F304ABA00819DB5 /* XCRemoteSwiftPackageReference "firebase-ios-sdk" */;
			productName = FirebaseFirestoreSwift;
		};
/* End XCSwiftPackageProductDependency section */
	};
	rootObject = 220267422F3047AE00819DB5 /* Project object */;
}
